// !$*UTF8*$!
{
	archiveVersion = 1;
	classes = {
	};
	objectVersion = 50;
	objects = {

/* Begin PBXBuildFile section */
		D2714FC420C21FEF009B6AE6 /* AppDelegate.swift in Sources */ = {isa = PBXBuildFile; fileRef = D2714FC320C21FEF009B6AE6 /* AppDelegate.swift */; };
		D2714FC620C21FEF009B6AE6 /* ViewController.swift in Sources */ = {isa = PBXBuildFile; fileRef = D2714FC520C21FEF009B6AE6 /* ViewController.swift */; };
		D2714FC820C21FF3009B6AE6 /* Assets.xcassets in Resources */ = {isa = PBXBuildFile; fileRef = D2714FC720C21FF3009B6AE6 /* Assets.xcassets */; };
		D2714FCB20C21FF4009B6AE6 /* Main.storyboard in Resources */ = {isa = PBXBuildFile; fileRef = D2714FC920C21FF4009B6AE6 /* Main.storyboard */; };
		D2714FD720C21FF4009B6AE6 /* uccBedTests.swift in Sources */ = {isa = PBXBuildFile; fileRef = D2714FD620C21FF4009B6AE6 /* uccBedTests.swift */; };
		D2714FE220C21FF4009B6AE6 /* uccBedUITests.swift in Sources */ = {isa = PBXBuildFile; fileRef = D2714FE120C21FF4009B6AE6 /* uccBedUITests.swift */; };
		D2782C7420C760CE0077B9FC /* libl.a in Frameworks */ = {isa = PBXBuildFile; fileRef = D283AFB020ADF97A00B07C08 /* libl.a */; };
		D2782C7520C760DD0077B9FC /* liby.a in Frameworks */ = {isa = PBXBuildFile; fileRef = D283AFB120ADF97A00B07C08 /* liby.a */; };
		D27A1FDE20AE1BDE006943DE /* command.h in Headers */ = {isa = PBXBuildFile; fileRef = D2CB13BC20AD00A6006987E5 /* command.h */; };
		D27A1FDF20AE1BDE006943DE /* data.h in Headers */ = {isa = PBXBuildFile; fileRef = D2CB13C620AD00A7006987E5 /* data.h */; };
		D27A1FE020AE1BDE006943DE /* expr.h in Headers */ = {isa = PBXBuildFile; fileRef = D2CB13C220AD00A7006987E5 /* expr.h */; };
		D27A1FE120AE1BDE006943DE /* List.h in Headers */ = {isa = PBXBuildFile; fileRef = D2CB13C720AD00A7006987E5 /* List.h */; };
		D27A1FE220AE1BDE006943DE /* main.h in Headers */ = {isa = PBXBuildFile; fileRef = D2CB13C120AD00A6006987E5 /* main.h */; };
		D27A1FE320AE1BDE006943DE /* symtab.h in Headers */ = {isa = PBXBuildFile; fileRef = D2CB13C420AD00A7006987E5 /* symtab.h */; };
		D27A1FE420AE1BDE006943DE /* trans.h in Headers */ = {isa = PBXBuildFile; fileRef = D2CB13C020AD00A6006987E5 /* trans.h */; };
		D27A1FE520AE1BDE006943DE /* ucc.l.h in Headers */ = {isa = PBXBuildFile; fileRef = D2CB13B920AD00A6006987E5 /* ucc.l.h */; };
		D27A1FE720AE2C8E006943DE /* ucc.l in Sources */ = {isa = PBXBuildFile; fileRef = D2CB13C520AD00A7006987E5 /* ucc.l */; };
		D27A1FE820AE2CBE006943DE /* ucc.y in Sources */ = {isa = PBXBuildFile; fileRef = D2CB13C920AD00A7006987E5 /* ucc.y */; };
		D283AFA520ADF5A600B07C08 /* command.c in Sources */ = {isa = PBXBuildFile; fileRef = D2CB13BB20AD00A6006987E5 /* command.c */; };
		D283AFA620ADF5B600B07C08 /* List.c in Sources */ = {isa = PBXBuildFile; fileRef = D2CB13C820AD00A7006987E5 /* List.c */; };
		D283AFA720ADF5BA00B07C08 /* main.c in Sources */ = {isa = PBXBuildFile; fileRef = D2CB13C320AD00A7006987E5 /* main.c */; };
		D283AFA820ADF5BF00B07C08 /* symtab.c in Sources */ = {isa = PBXBuildFile; fileRef = D2CB13BF20AD00A6006987E5 /* symtab.c */; };
		D283AFA920ADF5C200B07C08 /* trans.c in Sources */ = {isa = PBXBuildFile; fileRef = D2CB13CA20AD00A7006987E5 /* trans.c */; };
		E27431A921437B9700D68F1F /* debuglib.c in Sources */ = {isa = PBXBuildFile; fileRef = E274319021437B9500D68F1F /* debuglib.c */; };
		E27431AA21437B9700D68F1F /* interpreter.y in Sources */ = {isa = PBXBuildFile; fileRef = E274319321437B9500D68F1F /* interpreter.y */; };
		E27431AB21437B9700D68F1F /* vm.c in Sources */ = {isa = PBXBuildFile; fileRef = E274319421437B9500D68F1F /* vm.c */; };
		E27431AC21437B9700D68F1F /* interpreter.l in Sources */ = {isa = PBXBuildFile; fileRef = E274319521437B9500D68F1F /* interpreter.l */; };
		E27431AD21437B9700D68F1F /* transint.c in Sources */ = {isa = PBXBuildFile; fileRef = E274319721437B9500D68F1F /* transint.c */; };
		E27431AE21437B9700D68F1F /* memlib.c in Sources */ = {isa = PBXBuildFile; fileRef = E274319821437B9500D68F1F /* memlib.c */; };
		E27431AF21437B9700D68F1F /* Listint.c in Sources */ = {isa = PBXBuildFile; fileRef = E274319C21437B9600D68F1F /* Listint.c */; };
		E27431B021437B9700D68F1F /* symtabint.c in Sources */ = {isa = PBXBuildFile; fileRef = E274319E21437B9600D68F1F /* symtabint.c */; };
		E27431B121437B9700D68F1F /* commandint.c in Sources */ = {isa = PBXBuildFile; fileRef = E27431A221437B9600D68F1F /* commandint.c */; };
		E27431B221437B9700D68F1F /* reglib.c in Sources */ = {isa = PBXBuildFile; fileRef = E27431A421437B9700D68F1F /* reglib.c */; };
		E27431B421437B9700D68F1F /* main.c in Sources */ = {isa = PBXBuildFile; fileRef = E27431A621437B9700D68F1F /* main.c */; };
		E285CCC92141B9FB008A5C77 /* ucc.tab.h in Headers */ = {isa = PBXBuildFile; fileRef = D2CB13D520AD0218006987E5 /* ucc.tab.h */; };
		E285CCCA2141BA0C008A5C77 /* type.h in Headers */ = {isa = PBXBuildFile; fileRef = D2CB13BA20AD00A6006987E5 /* type.h */; };
		E285CCCB2141BA65008A5C77 /* libl.a in Frameworks */ = {isa = PBXBuildFile; fileRef = D283AFB020ADF97A00B07C08 /* libl.a */; };
		E285CCCC2141BA65008A5C77 /* liby.a in Frameworks */ = {isa = PBXBuildFile; fileRef = D283AFB120ADF97A00B07C08 /* liby.a */; };
/* End PBXBuildFile section */

/* Begin PBXBuildRule section */
		D27A1FDB20AE0D08006943DE /* PBXBuildRule */ = {
			isa = PBXBuildRule;
			compilerSpec = com.apple.compilers.proxy.script;
			filePatterns = "*.l";
			fileType = sourcecode.yacc;
			isEditable = 1;
			outputFiles = (
				"$(DERIVED_FILE_DIR)/ucc.tab.c",
				"$(DERIVED_FILE_DIR)/ucc.tab.h",
			);
			script = "# $(BISON)\ncd ${INPUT_FILE_DIR}\n/usr/bin/bison -vtd ${INPUT_FILE_NAME}\ncp ${INPUT_FILE_NAME} ${DERIVED_FILE_DIR}\ncd ${DERIVED_FILE_DIR}\n/usr/bin/bison -vtd ${INPUT_FILE_NAME}\n";
		};
		D283AFB820ADFCBC00B07C08 /* PBXBuildRule */ = {
			isa = PBXBuildRule;
			compilerSpec = com.apple.compilers.proxy.script;
			fileType = sourcecode.lex;
			isEditable = 1;
			outputFiles = (
				"$(DERIVED_FILE_DIR)/lex.yy.c",
			);
			script = "# $(LEX)\ncd ${INPUT_FILE_DIR}\n/usr/bin/flex ${INPUT_FILE_NAME}\ncp ${INPUT_FILE_NAME} ${DERIVED_FILE_DIR}\ncd ${DERIVED_FILE_DIR}\n/usr/bin/flex ${INPUT_FILE_NAME}\n";
		};
		E285CCA22141B617008A5C77 /* PBXBuildRule */ = {
			isa = PBXBuildRule;
			compilerSpec = com.apple.compilers.proxy.script;
			fileType = sourcecode.yacc;
			isEditable = 1;
			outputFiles = (
				"$(DERIVED_FILE_DIR)/interpreter.tab.c",
				"$(DERIVED_FILE_DIR)/interpreterc.tab.h",
			);
			script = "# $(BISON)\ncd ${INPUT_FILE_DIR}\n/usr/bin/bison -vtd ${INPUT_FILE_NAME}\ncp ${INPUT_FILE_NAME} ${DERIVED_FILE_DIR}\ncd ${DERIVED_FILE_DIR}\n/usr/bin/bison -vtd ${INPUT_FILE_NAME}";
		};
		E285CCA32141B674008A5C77 /* PBXBuildRule */ = {
			isa = PBXBuildRule;
			compilerSpec = com.apple.compilers.proxy.script;
			fileType = sourcecode.lex;
			isEditable = 1;
			outputFiles = (
				"$(DERIVED_FILE_DIR)/lex.yy.c",
				"$(DERIVED_FILE_DIR)/lex.yy.h",
			);
			script = "# $(LEX)\ncd ${INPUT_FILE_DIR}\n/usr/bin/flex -d -vv -p -p -b -B --header-file=lex.yy.h ${INPUT_FILE_NAME}\ncp ${INPUT_FILE_NAME} ${DERIVED_FILE_DIR}\ncd ${DERIVED_FILE_DIR}\n/usr/bin/flex ${INPUT_FILE_NAME}";
		};
/* End PBXBuildRule section */

/* Begin PBXContainerItemProxy section */
		D2714FD320C21FF4009B6AE6 /* PBXContainerItemProxy */ = {
			isa = PBXContainerItemProxy;
			containerPortal = D2CB13A320ACFE26006987E5 /* Project object */;
			proxyType = 1;
			remoteGlobalIDString = D2714FC020C21FEF009B6AE6;
			remoteInfo = uccBed;
		};
		D2714FDE20C21FF4009B6AE6 /* PBXContainerItemProxy */ = {
			isa = PBXContainerItemProxy;
			containerPortal = D2CB13A320ACFE26006987E5 /* Project object */;
			proxyType = 1;
			remoteGlobalIDString = D2714FC020C21FEF009B6AE6;
			remoteInfo = uccBed;
		};
/* End PBXContainerItemProxy section */

/* Begin PBXCopyFilesBuildPhase section */
		D283AF9920ADF43A00B07C08 /* CopyFiles */ = {
			isa = PBXCopyFilesBuildPhase;
			buildActionMask = 2147483647;
			dstPath = /usr/share/man/man1/;
			dstSubfolderSpec = 0;
			files = (
			);
			runOnlyForDeploymentPostprocessing = 1;
		};
		E285CC992141B5ED008A5C77 /* CopyFiles */ = {
			isa = PBXCopyFilesBuildPhase;
			buildActionMask = 2147483647;
			dstPath = /usr/share/man/man1/;
			dstSubfolderSpec = 0;
			files = (
			);
			runOnlyForDeploymentPostprocessing = 1;
		};
/* End PBXCopyFilesBuildPhase section */

/* Begin PBXFileReference section */
		D2714FC120C21FEF009B6AE6 /* uccBed.app */ = {isa = PBXFileReference; explicitFileType = wrapper.application; includeInIndex = 0; path = uccBed.app; sourceTree = BUILT_PRODUCTS_DIR; };
		D2714FC320C21FEF009B6AE6 /* AppDelegate.swift */ = {isa = PBXFileReference; lastKnownFileType = sourcecode.swift; path = AppDelegate.swift; sourceTree = "<group>"; };
		D2714FC520C21FEF009B6AE6 /* ViewController.swift */ = {isa = PBXFileReference; lastKnownFileType = sourcecode.swift; path = ViewController.swift; sourceTree = "<group>"; };
		D2714FC720C21FF3009B6AE6 /* Assets.xcassets */ = {isa = PBXFileReference; lastKnownFileType = folder.assetcatalog; path = Assets.xcassets; sourceTree = "<group>"; };
		D2714FCA20C21FF4009B6AE6 /* Base */ = {isa = PBXFileReference; lastKnownFileType = file.storyboard; name = Base; path = Base.lproj/Main.storyboard; sourceTree = "<group>"; };
		D2714FCC20C21FF4009B6AE6 /* Info.plist */ = {isa = PBXFileReference; lastKnownFileType = text.plist.xml; path = Info.plist; sourceTree = "<group>"; };
		D2714FCD20C21FF4009B6AE6 /* uccBed.entitlements */ = {isa = PBXFileReference; lastKnownFileType = text.plist.entitlements; path = uccBed.entitlements; sourceTree = "<group>"; };
		D2714FD220C21FF4009B6AE6 /* uccBedTests.xctest */ = {isa = PBXFileReference; explicitFileType = wrapper.cfbundle; includeInIndex = 0; path = uccBedTests.xctest; sourceTree = BUILT_PRODUCTS_DIR; };
		D2714FD620C21FF4009B6AE6 /* uccBedTests.swift */ = {isa = PBXFileReference; lastKnownFileType = sourcecode.swift; path = uccBedTests.swift; sourceTree = "<group>"; };
		D2714FD820C21FF4009B6AE6 /* Info.plist */ = {isa = PBXFileReference; lastKnownFileType = text.plist.xml; path = Info.plist; sourceTree = "<group>"; };
		D2714FDD20C21FF4009B6AE6 /* uccBedUITests.xctest */ = {isa = PBXFileReference; explicitFileType = wrapper.cfbundle; includeInIndex = 0; path = uccBedUITests.xctest; sourceTree = BUILT_PRODUCTS_DIR; };
		D2714FE120C21FF4009B6AE6 /* uccBedUITests.swift */ = {isa = PBXFileReference; lastKnownFileType = sourcecode.swift; path = uccBedUITests.swift; sourceTree = "<group>"; };
		D2714FE320C21FF4009B6AE6 /* Info.plist */ = {isa = PBXFileReference; lastKnownFileType = text.plist.xml; path = Info.plist; sourceTree = "<group>"; };
		D283AF9B20ADF43A00B07C08 /* Xcc */ = {isa = PBXFileReference; explicitFileType = "compiled.mach-o.executable"; includeInIndex = 0; path = Xcc; sourceTree = BUILT_PRODUCTS_DIR; };
		D283AFB020ADF97A00B07C08 /* libl.a */ = {isa = PBXFileReference; lastKnownFileType = archive.ar; name = libl.a; path = ../../../../../../../../usr/lib/libl.a; sourceTree = "<group>"; };
		D283AFB120ADF97A00B07C08 /* liby.a */ = {isa = PBXFileReference; lastKnownFileType = archive.ar; name = liby.a; path = ../../../../../../../../usr/lib/liby.a; sourceTree = "<group>"; };
		D2CB13B920AD00A6006987E5 /* ucc.l.h */ = {isa = PBXFileReference; fileEncoding = 4; lastKnownFileType = sourcecode.c.h; name = ucc.l.h; path = "../../src/front-end/ucc.l.h"; sourceTree = "<group>"; };
		D2CB13BA20AD00A6006987E5 /* type.h */ = {isa = PBXFileReference; fileEncoding = 4; lastKnownFileType = sourcecode.c.h; name = type.h; path = "../../src/front-end/type.h"; sourceTree = "<group>"; };
		D2CB13BB20AD00A6006987E5 /* command.c */ = {isa = PBXFileReference; fileEncoding = 4; lastKnownFileType = sourcecode.c.c; name = command.c; path = "../../src/front-end/command.c"; sourceTree = "<group>"; };
		D2CB13BC20AD00A6006987E5 /* command.h */ = {isa = PBXFileReference; fileEncoding = 4; lastKnownFileType = sourcecode.c.h; name = command.h; path = "../../src/front-end/command.h"; sourceTree = "<group>"; };
		D2CB13BD20AD00A6006987E5 /* README */ = {isa = PBXFileReference; fileEncoding = 4; lastKnownFileType = text; name = README; path = ../../README; sourceTree = "<group>"; };
		D2CB13BE20AD00A6006987E5 /* Makefile */ = {isa = PBXFileReference; fileEncoding = 4; lastKnownFileType = sourcecode.make; name = Makefile; path = "../../src/front-end/Makefile"; sourceTree = "<group>"; };
		D2CB13BF20AD00A6006987E5 /* symtab.c */ = {isa = PBXFileReference; fileEncoding = 4; lastKnownFileType = sourcecode.c.c; name = symtab.c; path = "../../src/front-end/symtab.c"; sourceTree = "<group>"; };
		D2CB13C020AD00A6006987E5 /* trans.h */ = {isa = PBXFileReference; fileEncoding = 4; lastKnownFileType = sourcecode.c.h; name = trans.h; path = "../../src/front-end/trans.h"; sourceTree = "<group>"; };
		D2CB13C120AD00A6006987E5 /* main.h */ = {isa = PBXFileReference; fileEncoding = 4; lastKnownFileType = sourcecode.c.h; name = main.h; path = "../../src/front-end/main.h"; sourceTree = "<group>"; };
		D2CB13C220AD00A7006987E5 /* expr.h */ = {isa = PBXFileReference; fileEncoding = 4; lastKnownFileType = sourcecode.c.h; name = expr.h; path = "../../src/front-end/expr.h"; sourceTree = "<group>"; };
		D2CB13C320AD00A7006987E5 /* main.c */ = {isa = PBXFileReference; fileEncoding = 4; lastKnownFileType = sourcecode.c.c; name = main.c; path = "../../src/front-end/main.c"; sourceTree = "<group>"; };
		D2CB13C420AD00A7006987E5 /* symtab.h */ = {isa = PBXFileReference; fileEncoding = 4; lastKnownFileType = sourcecode.c.h; name = symtab.h; path = "../../src/front-end/symtab.h"; sourceTree = "<group>"; };
		D2CB13C520AD00A7006987E5 /* ucc.l */ = {isa = PBXFileReference; fileEncoding = 4; lastKnownFileType = sourcecode.lex; name = ucc.l; path = "../../src/front-end/ucc.l"; sourceTree = "<group>"; };
		D2CB13C620AD00A7006987E5 /* data.h */ = {isa = PBXFileReference; fileEncoding = 4; lastKnownFileType = sourcecode.c.h; name = data.h; path = "../../src/front-end/data.h"; sourceTree = "<group>"; };
		D2CB13C720AD00A7006987E5 /* List.h */ = {isa = PBXFileReference; fileEncoding = 4; lastKnownFileType = sourcecode.c.h; name = List.h; path = "../../src/front-end/List.h"; sourceTree = "<group>"; };
		D2CB13C820AD00A7006987E5 /* List.c */ = {isa = PBXFileReference; fileEncoding = 4; lastKnownFileType = sourcecode.c.c; name = List.c; path = "../../src/front-end/List.c"; sourceTree = "<group>"; };
		D2CB13C920AD00A7006987E5 /* ucc.y */ = {isa = PBXFileReference; fileEncoding = 4; lastKnownFileType = sourcecode.yacc; name = ucc.y; path = "../../src/front-end/ucc.y"; sourceTree = "<group>"; };
		D2CB13CA20AD00A7006987E5 /* trans.c */ = {isa = PBXFileReference; fileEncoding = 4; lastKnownFileType = sourcecode.c.c; name = trans.c; path = "../../src/front-end/trans.c"; sourceTree = "<group>"; };
		D2CB13CB20AD0217006987E5 /* symtab.o */ = {isa = PBXFileReference; lastKnownFileType = "compiled.mach-o.objfile"; name = symtab.o; path = "../../src/front-end/symtab.o"; sourceTree = "<group>"; };
		D2CB13CC20AD0217006987E5 /* ucc.output */ = {isa = PBXFileReference; lastKnownFileType = text; name = ucc.output; path = "../../src/front-end/ucc.output"; sourceTree = "<group>"; };
		D2CB13CD20AD0218006987E5 /* ucc.tab.c */ = {isa = PBXFileReference; lastKnownFileType = sourcecode.c.c; name = ucc.tab.c; path = "../../src/front-end/ucc.tab.c"; sourceTree = "<group>"; };
		D2CB13CE20AD0218006987E5 /* trans.o */ = {isa = PBXFileReference; lastKnownFileType = "compiled.mach-o.objfile"; name = trans.o; path = "../../src/front-end/trans.o"; sourceTree = "<group>"; };
		D2CB13D020AD0218006987E5 /* lex.yy.o */ = {isa = PBXFileReference; lastKnownFileType = "compiled.mach-o.objfile"; name = lex.yy.o; path = "../../src/front-end/lex.yy.o"; sourceTree = "<group>"; };
		D2CB13D120AD0218006987E5 /* ucc.tab.o */ = {isa = PBXFileReference; lastKnownFileType = "compiled.mach-o.objfile"; name = ucc.tab.o; path = "../../src/front-end/ucc.tab.o"; sourceTree = "<group>"; };
		D2CB13D220AD0218006987E5 /* command.o */ = {isa = PBXFileReference; lastKnownFileType = "compiled.mach-o.objfile"; name = command.o; path = "../../src/front-end/command.o"; sourceTree = "<group>"; };
		D2CB13D320AD0218006987E5 /* lex.yy.c */ = {isa = PBXFileReference; lastKnownFileType = sourcecode.c.c; name = lex.yy.c; path = "../../src/front-end/lex.yy.c"; sourceTree = "<group>"; };
		D2CB13D420AD0218006987E5 /* ucc.dSYM */ = {isa = PBXFileReference; lastKnownFileType = wrapper.dsym; name = ucc.dSYM; path = "../../src/front-end/ucc.dSYM"; sourceTree = "<group>"; };
		D2CB13D520AD0218006987E5 /* ucc.tab.h */ = {isa = PBXFileReference; lastKnownFileType = sourcecode.c.h; name = ucc.tab.h; path = "../../src/front-end/ucc.tab.h"; sourceTree = "<group>"; };
		D2CB13D620AD0219006987E5 /* List.o */ = {isa = PBXFileReference; lastKnownFileType = "compiled.mach-o.objfile"; name = List.o; path = "../../src/front-end/List.o"; sourceTree = "<group>"; };
		E274318F21437B9500D68F1F /* transint.h */ = {isa = PBXFileReference; fileEncoding = 4; lastKnownFileType = sourcecode.c.h; name = transint.h; path = ../src/interpreter/transint.h; sourceTree = "<group>"; };
		E274319021437B9500D68F1F /* debuglib.c */ = {isa = PBXFileReference; fileEncoding = 4; lastKnownFileType = sourcecode.c.c; name = debuglib.c; path = ../src/interpreter/debuglib.c; sourceTree = "<group>"; };
		E274319121437B9500D68F1F /* debuglib.h */ = {isa = PBXFileReference; fileEncoding = 4; lastKnownFileType = sourcecode.c.h; name = debuglib.h; path = ../src/interpreter/debuglib.h; sourceTree = "<group>"; };
		E274319221437B9500D68F1F /* vm.h */ = {isa = PBXFileReference; fileEncoding = 4; lastKnownFileType = sourcecode.c.h; name = vm.h; path = ../src/interpreter/vm.h; sourceTree = "<group>"; };
		E274319321437B9500D68F1F /* interpreter.y */ = {isa = PBXFileReference; fileEncoding = 4; lastKnownFileType = sourcecode.yacc; name = interpreter.y; path = ../src/interpreter/interpreter.y; sourceTree = "<group>"; };
		E274319421437B9500D68F1F /* vm.c */ = {isa = PBXFileReference; fileEncoding = 4; lastKnownFileType = sourcecode.c.c; name = vm.c; path = ../src/interpreter/vm.c; sourceTree = "<group>"; };
		E274319521437B9500D68F1F /* interpreter.l */ = {isa = PBXFileReference; fileEncoding = 4; lastKnownFileType = sourcecode.lex; name = interpreter.l; path = ../src/interpreter/interpreter.l; sourceTree = "<group>"; };
		E274319621437B9500D68F1F /* symtabint.h */ = {isa = PBXFileReference; fileEncoding = 4; lastKnownFileType = sourcecode.c.h; name = symtabint.h; path = ../src/interpreter/symtabint.h; sourceTree = "<group>"; };
		E274319721437B9500D68F1F /* transint.c */ = {isa = PBXFileReference; fileEncoding = 4; lastKnownFileType = sourcecode.c.c; name = transint.c; path = ../src/interpreter/transint.c; sourceTree = "<group>"; };
		E274319821437B9500D68F1F /* memlib.c */ = {isa = PBXFileReference; fileEncoding = 4; lastKnownFileType = sourcecode.c.c; name = memlib.c; path = ../src/interpreter/memlib.c; sourceTree = "<group>"; };
		E274319921437B9600D68F1F /* reglib.h */ = {isa = PBXFileReference; fileEncoding = 4; lastKnownFileType = sourcecode.c.h; name = reglib.h; path = ../src/interpreter/reglib.h; sourceTree = "<group>"; };
		E274319A21437B9600D68F1F /* exprint.h */ = {isa = PBXFileReference; fileEncoding = 4; lastKnownFileType = sourcecode.c.h; name = exprint.h; path = ../src/interpreter/exprint.h; sourceTree = "<group>"; };
		E274319B21437B9600D68F1F /* interpreter.y.h */ = {isa = PBXFileReference; fileEncoding = 4; lastKnownFileType = sourcecode.c.h; name = interpreter.y.h; path = ../src/interpreter/interpreter.y.h; sourceTree = "<group>"; };
		E274319C21437B9600D68F1F /* Listint.c */ = {isa = PBXFileReference; fileEncoding = 4; lastKnownFileType = sourcecode.c.c; name = Listint.c; path = ../src/interpreter/Listint.c; sourceTree = "<group>"; };
		E274319D21437B9600D68F1F /* typeint.h */ = {isa = PBXFileReference; fileEncoding = 4; lastKnownFileType = sourcecode.c.h; name = typeint.h; path = ../src/interpreter/typeint.h; sourceTree = "<group>"; };
		E274319E21437B9600D68F1F /* symtabint.c */ = {isa = PBXFileReference; fileEncoding = 4; lastKnownFileType = sourcecode.c.c; name = symtabint.c; path = ../src/interpreter/symtabint.c; sourceTree = "<group>"; };
		E274319F21437B9600D68F1F /* interpreter.l.h */ = {isa = PBXFileReference; fileEncoding = 4; lastKnownFileType = sourcecode.c.h; name = interpreter.l.h; path = ../src/interpreter/interpreter.l.h; sourceTree = "<group>"; };
		E27431A021437B9600D68F1F /* dataint.h */ = {isa = PBXFileReference; fileEncoding = 4; lastKnownFileType = sourcecode.c.h; name = dataint.h; path = ../src/interpreter/dataint.h; sourceTree = "<group>"; };
		E27431A121437B9600D68F1F /* main.h */ = {isa = PBXFileReference; fileEncoding = 4; lastKnownFileType = sourcecode.c.h; name = main.h; path = ../src/interpreter/main.h; sourceTree = "<group>"; };
		E27431A221437B9600D68F1F /* commandint.c */ = {isa = PBXFileReference; fileEncoding = 4; lastKnownFileType = sourcecode.c.c; name = commandint.c; path = ../src/interpreter/commandint.c; sourceTree = "<group>"; };
		E27431A321437B9600D68F1F /* commandint.h */ = {isa = PBXFileReference; fileEncoding = 4; lastKnownFileType = sourcecode.c.h; name = commandint.h; path = ../src/interpreter/commandint.h; sourceTree = "<group>"; };
		E27431A421437B9700D68F1F /* reglib.c */ = {isa = PBXFileReference; fileEncoding = 4; lastKnownFileType = sourcecode.c.c; name = reglib.c; path = ../src/interpreter/reglib.c; sourceTree = "<group>"; };
		E27431A621437B9700D68F1F /* main.c */ = {isa = PBXFileReference; fileEncoding = 4; lastKnownFileType = sourcecode.c.c; name = main.c; path = ../src/interpreter/main.c; sourceTree = "<group>"; };
		E27431A721437B9700D68F1F /* Listint.h */ = {isa = PBXFileReference; fileEncoding = 4; lastKnownFileType = sourcecode.c.h; name = Listint.h; path = ../src/interpreter/Listint.h; sourceTree = "<group>"; };
		E27431A821437B9700D68F1F /* memlib.h */ = {isa = PBXFileReference; fileEncoding = 4; lastKnownFileType = sourcecode.c.h; name = memlib.h; path = ../src/interpreter/memlib.h; sourceTree = "<group>"; };
		E285CC9B2141B5ED008A5C77 /* interpreter */ = {isa = PBXFileReference; explicitFileType = "compiled.mach-o.executable"; includeInIndex = 0; path = interpreter; sourceTree = BUILT_PRODUCTS_DIR; };
/* End PBXFileReference section */

/* Begin PBXFrameworksBuildPhase section */
		D2714FBE20C21FEF009B6AE6 /* Frameworks */ = {
			isa = PBXFrameworksBuildPhase;
			buildActionMask = 2147483647;
			files = (
			);
			runOnlyForDeploymentPostprocessing = 0;
		};
		D2714FCF20C21FF4009B6AE6 /* Frameworks */ = {
			isa = PBXFrameworksBuildPhase;
			buildActionMask = 2147483647;
			files = (
			);
			runOnlyForDeploymentPostprocessing = 0;
		};
		D2714FDA20C21FF4009B6AE6 /* Frameworks */ = {
			isa = PBXFrameworksBuildPhase;
			buildActionMask = 2147483647;
			files = (
			);
			runOnlyForDeploymentPostprocessing = 0;
		};
		D283AF9820ADF43A00B07C08 /* Frameworks */ = {
			isa = PBXFrameworksBuildPhase;
			buildActionMask = 2147483647;
			files = (
				D2782C7520C760DD0077B9FC /* liby.a in Frameworks */,
				D2782C7420C760CE0077B9FC /* libl.a in Frameworks */,
			);
			runOnlyForDeploymentPostprocessing = 0;
		};
		E285CC982141B5ED008A5C77 /* Frameworks */ = {
			isa = PBXFrameworksBuildPhase;
			buildActionMask = 2147483647;
			files = (
				E285CCCB2141BA65008A5C77 /* libl.a in Frameworks */,
				E285CCCC2141BA65008A5C77 /* liby.a in Frameworks */,
			);
			runOnlyForDeploymentPostprocessing = 0;
		};
/* End PBXFrameworksBuildPhase section */

/* Begin PBXGroup section */
		D2714FC220C21FEF009B6AE6 /* uccBed */ = {
			isa = PBXGroup;
			children = (
				D2714FC320C21FEF009B6AE6 /* AppDelegate.swift */,
				D2714FC520C21FEF009B6AE6 /* ViewController.swift */,
				D2714FC720C21FF3009B6AE6 /* Assets.xcassets */,
				D2714FC920C21FF4009B6AE6 /* Main.storyboard */,
				D2714FCC20C21FF4009B6AE6 /* Info.plist */,
				D2714FCD20C21FF4009B6AE6 /* uccBed.entitlements */,
			);
			path = uccBed;
			sourceTree = "<group>";
		};
		D2714FD520C21FF4009B6AE6 /* uccBedTests */ = {
			isa = PBXGroup;
			children = (
				D2714FD620C21FF4009B6AE6 /* uccBedTests.swift */,
				D2714FD820C21FF4009B6AE6 /* Info.plist */,
			);
			path = uccBedTests;
			sourceTree = "<group>";
		};
		D2714FE020C21FF4009B6AE6 /* uccBedUITests */ = {
			isa = PBXGroup;
			children = (
				D2714FE120C21FF4009B6AE6 /* uccBedUITests.swift */,
				D2714FE320C21FF4009B6AE6 /* Info.plist */,
			);
			path = uccBedUITests;
			sourceTree = "<group>";
		};
		D283AFAA20ADF92200B07C08 /* Frameworks */ = {
			isa = PBXGroup;
			children = (
				D283AFB020ADF97A00B07C08 /* libl.a */,
				D283AFB120ADF97A00B07C08 /* liby.a */,
			);
			name = Frameworks;
			sourceTree = "<group>";
		};
		D2CB13A220ACFE26006987E5 = {
			isa = PBXGroup;
			children = (
				E285CC962141B0C5008A5C77 /* dSYM files */,
				E285CC952141B09B008A5C77 /* Object Files */,
				D2CB13AD20ACFE26006987E5 /* ucc18 */,
				D2714FC220C21FEF009B6AE6 /* uccBed */,
				D2714FD520C21FF4009B6AE6 /* uccBedTests */,
				D2714FE020C21FF4009B6AE6 /* uccBedUITests */,
				E285CC9C2141B5ED008A5C77 /* interpreter */,
				D2CB13AC20ACFE26006987E5 /* Products */,
				D283AFAA20ADF92200B07C08 /* Frameworks */,
			);
			sourceTree = "<group>";
		};
		D2CB13AC20ACFE26006987E5 /* Products */ = {
			isa = PBXGroup;
			children = (
				D283AF9B20ADF43A00B07C08 /* Xcc */,
				D2714FC120C21FEF009B6AE6 /* uccBed.app */,
				D2714FD220C21FF4009B6AE6 /* uccBedTests.xctest */,
				D2714FDD20C21FF4009B6AE6 /* uccBedUITests.xctest */,
				E285CC9B2141B5ED008A5C77 /* interpreter */,
			);
			name = Products;
			sourceTree = "<group>";
		};
		D2CB13AD20ACFE26006987E5 /* ucc18 */ = {
			isa = PBXGroup;
			children = (
				D2CB13D320AD0218006987E5 /* lex.yy.c */,
				D2CB13CC20AD0217006987E5 /* ucc.output */,
				D2CB13CD20AD0218006987E5 /* ucc.tab.c */,
				D2CB13D520AD0218006987E5 /* ucc.tab.h */,
				D2CB13BB20AD00A6006987E5 /* command.c */,
				D2CB13BC20AD00A6006987E5 /* command.h */,
				D2CB13C620AD00A7006987E5 /* data.h */,
				D2CB13C220AD00A7006987E5 /* expr.h */,
				D2CB13C820AD00A7006987E5 /* List.c */,
				D2CB13C720AD00A7006987E5 /* List.h */,
				D2CB13C320AD00A7006987E5 /* main.c */,
				D2CB13C120AD00A6006987E5 /* main.h */,
				D2CB13BE20AD00A6006987E5 /* Makefile */,
				D2CB13BD20AD00A6006987E5 /* README */,
				D2CB13BF20AD00A6006987E5 /* symtab.c */,
				D2CB13C420AD00A7006987E5 /* symtab.h */,
				D2CB13CA20AD00A7006987E5 /* trans.c */,
				D2CB13C020AD00A6006987E5 /* trans.h */,
				D2CB13BA20AD00A6006987E5 /* type.h */,
				D2CB13C520AD00A7006987E5 /* ucc.l */,
				D2CB13B920AD00A6006987E5 /* ucc.l.h */,
				D2CB13C920AD00A7006987E5 /* ucc.y */,
			);
			path = ucc18;
			sourceTree = "<group>";
		};
		E285CC952141B09B008A5C77 /* Object Files */ = {
			isa = PBXGroup;
			children = (
				D2CB13D220AD0218006987E5 /* command.o */,
				D2CB13D020AD0218006987E5 /* lex.yy.o */,
				D2CB13D620AD0219006987E5 /* List.o */,
				D2CB13CB20AD0217006987E5 /* symtab.o */,
				D2CB13CE20AD0218006987E5 /* trans.o */,
				D2CB13D120AD0218006987E5 /* ucc.tab.o */,
			);
			path = "Object Files";
			sourceTree = "<group>";
		};
		E285CC962141B0C5008A5C77 /* dSYM files */ = {
			isa = PBXGroup;
			children = (
				D2CB13D420AD0218006987E5 /* ucc.dSYM */,
			);
			path = "dSYM files";
			sourceTree = "<group>";
		};
		E285CC9C2141B5ED008A5C77 /* interpreter */ = {
			isa = PBXGroup;
			children = (
				E27431A221437B9600D68F1F /* commandint.c */,
				E27431A321437B9600D68F1F /* commandint.h */,
				E27431A021437B9600D68F1F /* dataint.h */,
				E274319021437B9500D68F1F /* debuglib.c */,
				E274319121437B9500D68F1F /* debuglib.h */,
				E274319A21437B9600D68F1F /* exprint.h */,
				E274319521437B9500D68F1F /* interpreter.l */,
				E274319F21437B9600D68F1F /* interpreter.l.h */,
				E274319321437B9500D68F1F /* interpreter.y */,
				E274319B21437B9600D68F1F /* interpreter.y.h */,
				E274319C21437B9600D68F1F /* Listint.c */,
				E27431A721437B9700D68F1F /* Listint.h */,
				E27431A621437B9700D68F1F /* main.c */,
				E27431A121437B9600D68F1F /* main.h */,
				E274319821437B9500D68F1F /* memlib.c */,
				E27431A821437B9700D68F1F /* memlib.h */,
				E27431A421437B9700D68F1F /* reglib.c */,
				E274319921437B9600D68F1F /* reglib.h */,
				E274319E21437B9600D68F1F /* symtabint.c */,
				E274319621437B9500D68F1F /* symtabint.h */,
				E274319721437B9500D68F1F /* transint.c */,
				E274318F21437B9500D68F1F /* transint.h */,
				E274319D21437B9600D68F1F /* typeint.h */,
				E274319421437B9500D68F1F /* vm.c */,
				E274319221437B9500D68F1F /* vm.h */,
			);
			name = interpreter;
			sourceTree = "<group>";
		};
/* End PBXGroup section */

/* Begin PBXHeadersBuildPhase section */
		D27A1FDD20AE1BBD006943DE /* Headers */ = {
			isa = PBXHeadersBuildPhase;
			buildActionMask = 2147483647;
			files = (
				D27A1FDE20AE1BDE006943DE /* command.h in Headers */,
				D27A1FDF20AE1BDE006943DE /* data.h in Headers */,
				D27A1FE020AE1BDE006943DE /* expr.h in Headers */,
				D27A1FE120AE1BDE006943DE /* List.h in Headers */,
				D27A1FE220AE1BDE006943DE /* main.h in Headers */,
				D27A1FE320AE1BDE006943DE /* symtab.h in Headers */,
				D27A1FE420AE1BDE006943DE /* trans.h in Headers */,
				E285CCCA2141BA0C008A5C77 /* type.h in Headers */,
				D27A1FE520AE1BDE006943DE /* ucc.l.h in Headers */,
				E285CCC92141B9FB008A5C77 /* ucc.tab.h in Headers */,
			);
			runOnlyForDeploymentPostprocessing = 0;
		};
/* End PBXHeadersBuildPhase section */

/* Begin PBXLegacyTarget section */
		D2CB13B520ACFEC0006987E5 /* ucc18 */ = {
			isa = PBXLegacyTarget;
			buildArgumentsString = "$(ACTION)";
			buildConfigurationList = D2CB13B620ACFEC0006987E5 /* Build configuration list for PBXLegacyTarget "ucc18" */;
			buildPhases = (
			);
			buildToolPath = /usr/bin/make;
			buildWorkingDirectory = "~/Desktop/project4/src/front-end/";
			dependencies = (
			);
			name = ucc18;
			passBuildSettingsInEnvironment = 1;
			productName = ucc18c;
		};
/* End PBXLegacyTarget section */

/* Begin PBXNativeTarget section */
		D2714FC020C21FEF009B6AE6 /* uccBed */ = {
			isa = PBXNativeTarget;
			buildConfigurationList = D2714FEA20C21FF4009B6AE6 /* Build configuration list for PBXNativeTarget "uccBed" */;
			buildPhases = (
				D2714FBD20C21FEF009B6AE6 /* Sources */,
				D2714FBE20C21FEF009B6AE6 /* Frameworks */,
				D2714FBF20C21FEF009B6AE6 /* Resources */,
			);
			buildRules = (
			);
			dependencies = (
			);
			name = uccBed;
			productName = uccBed;
			productReference = D2714FC120C21FEF009B6AE6 /* uccBed.app */;
			productType = "com.apple.product-type.application";
		};
		D2714FD120C21FF4009B6AE6 /* uccBedTests */ = {
			isa = PBXNativeTarget;
			buildConfigurationList = D2714FEB20C21FF4009B6AE6 /* Build configuration list for PBXNativeTarget "uccBedTests" */;
			buildPhases = (
				D2714FCE20C21FF4009B6AE6 /* Sources */,
				D2714FCF20C21FF4009B6AE6 /* Frameworks */,
				D2714FD020C21FF4009B6AE6 /* Resources */,
			);
			buildRules = (
			);
			dependencies = (
				D2714FD420C21FF4009B6AE6 /* PBXTargetDependency */,
			);
			name = uccBedTests;
			productName = uccBedTests;
			productReference = D2714FD220C21FF4009B6AE6 /* uccBedTests.xctest */;
			productType = "com.apple.product-type.bundle.unit-test";
		};
		D2714FDC20C21FF4009B6AE6 /* uccBedUITests */ = {
			isa = PBXNativeTarget;
			buildConfigurationList = D2714FEC20C21FF4009B6AE6 /* Build configuration list for PBXNativeTarget "uccBedUITests" */;
			buildPhases = (
				D2714FD920C21FF4009B6AE6 /* Sources */,
				D2714FDA20C21FF4009B6AE6 /* Frameworks */,
				D2714FDB20C21FF4009B6AE6 /* Resources */,
			);
			buildRules = (
			);
			dependencies = (
				D2714FDF20C21FF4009B6AE6 /* PBXTargetDependency */,
			);
			name = uccBedUITests;
			productName = uccBedUITests;
			productReference = D2714FDD20C21FF4009B6AE6 /* uccBedUITests.xctest */;
			productType = "com.apple.product-type.bundle.ui-testing";
		};
		D283AF9A20ADF43A00B07C08 /* Xcc */ = {
			isa = PBXNativeTarget;
			buildConfigurationList = D283AFA120ADF43A00B07C08 /* Build configuration list for PBXNativeTarget "Xcc" */;
			buildPhases = (
				D283AF9720ADF43A00B07C08 /* Sources */,
				D283AF9820ADF43A00B07C08 /* Frameworks */,
				D283AF9920ADF43A00B07C08 /* CopyFiles */,
				D27A1FDD20AE1BBD006943DE /* Headers */,
			);
			buildRules = (
				D27A1FDB20AE0D08006943DE /* PBXBuildRule */,
				D283AFB820ADFCBC00B07C08 /* PBXBuildRule */,
			);
			dependencies = (
			);
			name = Xcc;
			productName = Xcc;
			productReference = D283AF9B20ADF43A00B07C08 /* Xcc */;
			productType = "com.apple.product-type.tool";
		};
		E285CC9A2141B5ED008A5C77 /* interpreter */ = {
			isa = PBXNativeTarget;
			buildConfigurationList = E285CC9F2141B5ED008A5C77 /* Build configuration list for PBXNativeTarget "interpreter" */;
			buildPhases = (
				E285CC972141B5ED008A5C77 /* Sources */,
				E285CC982141B5ED008A5C77 /* Frameworks */,
				E285CC992141B5ED008A5C77 /* CopyFiles */,
			);
			buildRules = (
				E285CCA22141B617008A5C77 /* PBXBuildRule */,
				E285CCA32141B674008A5C77 /* PBXBuildRule */,
			);
			dependencies = (
			);
			name = interpreter;
			productName = interpreter;
			productReference = E285CC9B2141B5ED008A5C77 /* interpreter */;
			productType = "com.apple.product-type.tool";
		};
/* End PBXNativeTarget section */

/* Begin PBXProject section */
		D2CB13A320ACFE26006987E5 /* Project object */ = {
			isa = PBXProject;
			attributes = {
				LastSwiftUpdateCheck = 0940;
				LastUpgradeCheck = 0940;
				ORGANIZATIONNAME = "Laurel Tree Computing";
				TargetAttributes = {
					D2714FC020C21FEF009B6AE6 = {
						CreatedOnToolsVersion = 9.4;
					};
					D2714FD120C21FF4009B6AE6 = {
						CreatedOnToolsVersion = 9.4;
						TestTargetID = D2714FC020C21FEF009B6AE6;
					};
					D2714FDC20C21FF4009B6AE6 = {
						CreatedOnToolsVersion = 9.4;
						TestTargetID = D2714FC020C21FEF009B6AE6;
					};
					D283AF9A20ADF43A00B07C08 = {
						CreatedOnToolsVersion = 9.2;
						ProvisioningStyle = Automatic;
					};
					D2CB13B520ACFEC0006987E5 = {
						CreatedOnToolsVersion = 9.2;
						ProvisioningStyle = Automatic;
					};
					E285CC9A2141B5ED008A5C77 = {
						CreatedOnToolsVersion = 9.4.1;
					};
				};
			};
			buildConfigurationList = D2CB13A620ACFE26006987E5 /* Build configuration list for PBXProject "ucc18" */;
			compatibilityVersion = "Xcode 9.3";
			developmentRegion = en;
			hasScannedForEncodings = 0;
			knownRegions = (
				en,
				Base,
			);
			mainGroup = D2CB13A220ACFE26006987E5;
			productRefGroup = D2CB13AC20ACFE26006987E5 /* Products */;
			projectDirPath = "";
			projectRoot = "";
			targets = (
				D2CB13B520ACFEC0006987E5 /* ucc18 */,
				D283AF9A20ADF43A00B07C08 /* Xcc */,
				D2714FC020C21FEF009B6AE6 /* uccBed */,
				D2714FD120C21FF4009B6AE6 /* uccBedTests */,
				D2714FDC20C21FF4009B6AE6 /* uccBedUITests */,
				E285CC9A2141B5ED008A5C77 /* interpreter */,
			);
		};
/* End PBXProject section */

/* Begin PBXResourcesBuildPhase section */
		D2714FBF20C21FEF009B6AE6 /* Resources */ = {
			isa = PBXResourcesBuildPhase;
			buildActionMask = 2147483647;
			files = (
				D2714FC820C21FF3009B6AE6 /* Assets.xcassets in Resources */,
				D2714FCB20C21FF4009B6AE6 /* Main.storyboard in Resources */,
			);
			runOnlyForDeploymentPostprocessing = 0;
		};
		D2714FD020C21FF4009B6AE6 /* Resources */ = {
			isa = PBXResourcesBuildPhase;
			buildActionMask = 2147483647;
			files = (
			);
			runOnlyForDeploymentPostprocessing = 0;
		};
		D2714FDB20C21FF4009B6AE6 /* Resources */ = {
			isa = PBXResourcesBuildPhase;
			buildActionMask = 2147483647;
			files = (
			);
			runOnlyForDeploymentPostprocessing = 0;
		};
/* End PBXResourcesBuildPhase section */

/* Begin PBXSourcesBuildPhase section */
		D2714FBD20C21FEF009B6AE6 /* Sources */ = {
			isa = PBXSourcesBuildPhase;
			buildActionMask = 2147483647;
			files = (
				D2714FC620C21FEF009B6AE6 /* ViewController.swift in Sources */,
				D2714FC420C21FEF009B6AE6 /* AppDelegate.swift in Sources */,
			);
			runOnlyForDeploymentPostprocessing = 0;
		};
		D2714FCE20C21FF4009B6AE6 /* Sources */ = {
			isa = PBXSourcesBuildPhase;
			buildActionMask = 2147483647;
			files = (
				D2714FD720C21FF4009B6AE6 /* uccBedTests.swift in Sources */,
			);
			runOnlyForDeploymentPostprocessing = 0;
		};
		D2714FD920C21FF4009B6AE6 /* Sources */ = {
			isa = PBXSourcesBuildPhase;
			buildActionMask = 2147483647;
			files = (
				D2714FE220C21FF4009B6AE6 /* uccBedUITests.swift in Sources */,
			);
			runOnlyForDeploymentPostprocessing = 0;
		};
		D283AF9720ADF43A00B07C08 /* Sources */ = {
			isa = PBXSourcesBuildPhase;
			buildActionMask = 2147483647;
			files = (
				D283AFA720ADF5BA00B07C08 /* main.c in Sources */,
				D27A1FE720AE2C8E006943DE /* ucc.l in Sources */,
				D27A1FE820AE2CBE006943DE /* ucc.y in Sources */,
				D283AFA820ADF5BF00B07C08 /* symtab.c in Sources */,
				D283AFA520ADF5A600B07C08 /* command.c in Sources */,
				D283AFA920ADF5C200B07C08 /* trans.c in Sources */,
				D283AFA620ADF5B600B07C08 /* List.c in Sources */,
			);
			runOnlyForDeploymentPostprocessing = 0;
		};
		E285CC972141B5ED008A5C77 /* Sources */ = {
			isa = PBXSourcesBuildPhase;
			buildActionMask = 2147483647;
			files = (
				E27431AA21437B9700D68F1F /* interpreter.y in Sources */,
				E27431B121437B9700D68F1F /* commandint.c in Sources */,
				E27431AF21437B9700D68F1F /* Listint.c in Sources */,
				E27431AB21437B9700D68F1F /* vm.c in Sources */,
				E27431B221437B9700D68F1F /* reglib.c in Sources */,
				E27431AD21437B9700D68F1F /* transint.c in Sources */,
				E27431AE21437B9700D68F1F /* memlib.c in Sources */,
				E27431B421437B9700D68F1F /* main.c in Sources */,
				E27431A921437B9700D68F1F /* debuglib.c in Sources */,
				E27431AC21437B9700D68F1F /* interpreter.l in Sources */,
				E27431B021437B9700D68F1F /* symtabint.c in Sources */,
			);
			runOnlyForDeploymentPostprocessing = 0;
		};
/* End PBXSourcesBuildPhase section */

/* Begin PBXTargetDependency section */
		D2714FD420C21FF4009B6AE6 /* PBXTargetDependency */ = {
			isa = PBXTargetDependency;
			target = D2714FC020C21FEF009B6AE6 /* uccBed */;
			targetProxy = D2714FD320C21FF4009B6AE6 /* PBXContainerItemProxy */;
		};
		D2714FDF20C21FF4009B6AE6 /* PBXTargetDependency */ = {
			isa = PBXTargetDependency;
			target = D2714FC020C21FEF009B6AE6 /* uccBed */;
			targetProxy = D2714FDE20C21FF4009B6AE6 /* PBXContainerItemProxy */;
		};
/* End PBXTargetDependency section */

/* Begin PBXVariantGroup section */
		D2714FC920C21FF4009B6AE6 /* Main.storyboard */ = {
			isa = PBXVariantGroup;
			children = (
				D2714FCA20C21FF4009B6AE6 /* Base */,
			);
			name = Main.storyboard;
			sourceTree = "<group>";
		};
/* End PBXVariantGroup section */

/* Begin XCBuildConfiguration section */
		D2714FE420C21FF4009B6AE6 /* Debug */ = {
			isa = XCBuildConfiguration;
			buildSettings = {
				ASSETCATALOG_COMPILER_APPICON_NAME = AppIcon;
				CLANG_CXX_LANGUAGE_STANDARD = "gnu++14";
				CLANG_ENABLE_OBJC_WEAK = YES;
				CODE_SIGN_ENTITLEMENTS = uccBed/uccBed.entitlements;
				CODE_SIGN_STYLE = Automatic;
				COMBINE_HIDPI_IMAGES = YES;
				DEVELOPMENT_TEAM = 78XPJAU3A2;
				GCC_NO_COMMON_BLOCKS = YES;
				INFOPLIST_FILE = uccBed/Info.plist;
				LD_RUNPATH_SEARCH_PATHS = (
					"$(inherited)",
					"@executable_path/../Frameworks",
				);
				PRODUCT_BUNDLE_IDENTIFIER = com.laureltreecomputing.uccBed;
				PRODUCT_NAME = "$(TARGET_NAME)";
				SWIFT_ACTIVE_COMPILATION_CONDITIONS = DEBUG;
				SWIFT_OPTIMIZATION_LEVEL = "-Onone";
				SWIFT_VERSION = 4.0;
			};
			name = Debug;
		};
		D2714FE520C21FF4009B6AE6 /* Release */ = {
			isa = XCBuildConfiguration;
			buildSettings = {
				ASSETCATALOG_COMPILER_APPICON_NAME = AppIcon;
				CLANG_CXX_LANGUAGE_STANDARD = "gnu++14";
				CLANG_ENABLE_OBJC_WEAK = YES;
				CODE_SIGN_ENTITLEMENTS = uccBed/uccBed.entitlements;
				CODE_SIGN_STYLE = Automatic;
				COMBINE_HIDPI_IMAGES = YES;
				DEVELOPMENT_TEAM = 78XPJAU3A2;
				GCC_NO_COMMON_BLOCKS = YES;
				INFOPLIST_FILE = uccBed/Info.plist;
				LD_RUNPATH_SEARCH_PATHS = (
					"$(inherited)",
					"@executable_path/../Frameworks",
				);
				PRODUCT_BUNDLE_IDENTIFIER = com.laureltreecomputing.uccBed;
				PRODUCT_NAME = "$(TARGET_NAME)";
				SWIFT_COMPILATION_MODE = wholemodule;
				SWIFT_OPTIMIZATION_LEVEL = "-O";
				SWIFT_VERSION = 4.0;
			};
			name = Release;
		};
		D2714FE620C21FF4009B6AE6 /* Debug */ = {
			isa = XCBuildConfiguration;
			buildSettings = {
				ALWAYS_EMBED_SWIFT_STANDARD_LIBRARIES = YES;
				BUNDLE_LOADER = "$(TEST_HOST)";
				CLANG_CXX_LANGUAGE_STANDARD = "gnu++14";
				CLANG_ENABLE_OBJC_WEAK = YES;
				CODE_SIGN_STYLE = Automatic;
				COMBINE_HIDPI_IMAGES = YES;
				DEVELOPMENT_TEAM = 78XPJAU3A2;
				GCC_NO_COMMON_BLOCKS = YES;
				INFOPLIST_FILE = uccBedTests/Info.plist;
				LD_RUNPATH_SEARCH_PATHS = (
					"$(inherited)",
					"@executable_path/../Frameworks",
					"@loader_path/../Frameworks",
				);
				PRODUCT_BUNDLE_IDENTIFIER = com.laureltreecomputing.uccBedTests;
				PRODUCT_NAME = "$(TARGET_NAME)";
				SWIFT_ACTIVE_COMPILATION_CONDITIONS = DEBUG;
				SWIFT_OPTIMIZATION_LEVEL = "-Onone";
				SWIFT_VERSION = 4.0;
				TEST_HOST = "$(BUILT_PRODUCTS_DIR)/uccBed.app/Contents/MacOS/uccBed";
			};
			name = Debug;
		};
		D2714FE720C21FF4009B6AE6 /* Release */ = {
			isa = XCBuildConfiguration;
			buildSettings = {
				ALWAYS_EMBED_SWIFT_STANDARD_LIBRARIES = YES;
				BUNDLE_LOADER = "$(TEST_HOST)";
				CLANG_CXX_LANGUAGE_STANDARD = "gnu++14";
				CLANG_ENABLE_OBJC_WEAK = YES;
				CODE_SIGN_STYLE = Automatic;
				COMBINE_HIDPI_IMAGES = YES;
				DEVELOPMENT_TEAM = 78XPJAU3A2;
				GCC_NO_COMMON_BLOCKS = YES;
				INFOPLIST_FILE = uccBedTests/Info.plist;
				LD_RUNPATH_SEARCH_PATHS = (
					"$(inherited)",
					"@executable_path/../Frameworks",
					"@loader_path/../Frameworks",
				);
				PRODUCT_BUNDLE_IDENTIFIER = com.laureltreecomputing.uccBedTests;
				PRODUCT_NAME = "$(TARGET_NAME)";
				SWIFT_COMPILATION_MODE = wholemodule;
				SWIFT_OPTIMIZATION_LEVEL = "-O";
				SWIFT_VERSION = 4.0;
				TEST_HOST = "$(BUILT_PRODUCTS_DIR)/uccBed.app/Contents/MacOS/uccBed";
			};
			name = Release;
		};
		D2714FE820C21FF4009B6AE6 /* Debug */ = {
			isa = XCBuildConfiguration;
			buildSettings = {
				ALWAYS_EMBED_SWIFT_STANDARD_LIBRARIES = YES;
				CLANG_CXX_LANGUAGE_STANDARD = "gnu++14";
				CLANG_ENABLE_OBJC_WEAK = YES;
				CODE_SIGN_STYLE = Automatic;
				COMBINE_HIDPI_IMAGES = YES;
				DEVELOPMENT_TEAM = 78XPJAU3A2;
				GCC_NO_COMMON_BLOCKS = YES;
				INFOPLIST_FILE = uccBedUITests/Info.plist;
				LD_RUNPATH_SEARCH_PATHS = (
					"$(inherited)",
					"@executable_path/../Frameworks",
					"@loader_path/../Frameworks",
				);
				PRODUCT_BUNDLE_IDENTIFIER = com.laureltreecomputing.uccBedUITests;
				PRODUCT_NAME = "$(TARGET_NAME)";
				SWIFT_ACTIVE_COMPILATION_CONDITIONS = DEBUG;
				SWIFT_OPTIMIZATION_LEVEL = "-Onone";
				SWIFT_VERSION = 4.0;
				TEST_TARGET_NAME = uccBed;
			};
			name = Debug;
		};
		D2714FE920C21FF4009B6AE6 /* Release */ = {
			isa = XCBuildConfiguration;
			buildSettings = {
				ALWAYS_EMBED_SWIFT_STANDARD_LIBRARIES = YES;
				CLANG_CXX_LANGUAGE_STANDARD = "gnu++14";
				CLANG_ENABLE_OBJC_WEAK = YES;
				CODE_SIGN_STYLE = Automatic;
				COMBINE_HIDPI_IMAGES = YES;
				DEVELOPMENT_TEAM = 78XPJAU3A2;
				GCC_NO_COMMON_BLOCKS = YES;
				INFOPLIST_FILE = uccBedUITests/Info.plist;
				LD_RUNPATH_SEARCH_PATHS = (
					"$(inherited)",
					"@executable_path/../Frameworks",
					"@loader_path/../Frameworks",
				);
				PRODUCT_BUNDLE_IDENTIFIER = com.laureltreecomputing.uccBedUITests;
				PRODUCT_NAME = "$(TARGET_NAME)";
				SWIFT_COMPILATION_MODE = wholemodule;
				SWIFT_OPTIMIZATION_LEVEL = "-O";
				SWIFT_VERSION = 4.0;
				TEST_TARGET_NAME = uccBed;
			};
			name = Release;
		};
		D283AF9F20ADF43A00B07C08 /* Debug */ = {
			isa = XCBuildConfiguration;
			buildSettings = {
				ADDITIONAL_SDKS = "";
				CODE_SIGN_STYLE = Automatic;
				DEVELOPMENT_TEAM = 78XPJAU3A2;
				GCC_C_LANGUAGE_STANDARD = gnu11;
				GCC_NO_COMMON_BLOCKS = NO;
				GCC_USE_STANDARD_INCLUDE_SEARCHING = YES;
				GENERATE_MASTER_OBJECT_FILE = NO;
				GENERATE_PROFILING_CODE = YES;
				HEADER_SEARCH_PATHS = /Applications/Xcode.app/Contents/Developer/Platforms/MacOSX.platform/Developer/SDKs/MacOSX10.12.sdk/usr/include;
				MACOSX_DEPLOYMENT_TARGET = 10.13;
				OTHER_CFLAGS = (
					"-g",
					"-ggdb",
					"-D",
					DEBUGON,
				);
				PRODUCT_NAME = "$(TARGET_NAME)";
				SCAN_ALL_SOURCE_FILES_FOR_INCLUDES = YES;
				SDKROOT = macosx;
				SYSTEM_HEADER_SEARCH_PATHS = "";
				YACCFLAGS = "-vtd";
				YACC_GENERATE_DEBUGGING_DIRECTIVES = YES;
			};
			name = Debug;
		};
		D283AFA020ADF43A00B07C08 /* Release */ = {
			isa = XCBuildConfiguration;
			buildSettings = {
				ADDITIONAL_SDKS = "";
				CODE_SIGN_STYLE = Automatic;
				DEVELOPMENT_TEAM = 78XPJAU3A2;
				GCC_C_LANGUAGE_STANDARD = gnu11;
				GCC_NO_COMMON_BLOCKS = NO;
				GCC_USE_STANDARD_INCLUDE_SEARCHING = YES;
				GENERATE_MASTER_OBJECT_FILE = NO;
				GENERATE_PROFILING_CODE = YES;
				HEADER_SEARCH_PATHS = /Applications/Xcode.app/Contents/Developer/Platforms/MacOSX.platform/Developer/SDKs/MacOSX10.12.sdk/usr/include;
				MACOSX_DEPLOYMENT_TARGET = 10.13;
				OTHER_CFLAGS = (
					"-g",
					"-ggdb",
				);
				PRODUCT_NAME = "$(TARGET_NAME)";
				SCAN_ALL_SOURCE_FILES_FOR_INCLUDES = YES;
				SDKROOT = macosx;
				SYSTEM_HEADER_SEARCH_PATHS = "";
				YACCFLAGS = "-vtd";
				YACC_GENERATE_DEBUGGING_DIRECTIVES = YES;
			};
			name = Release;
		};
		D2CB13B020ACFE26006987E5 /* Debug */ = {
			isa = XCBuildConfiguration;
			buildSettings = {
				"ADDITIONAL_SDKS[arch=*]" = "";
				ALWAYS_SEARCH_USER_PATHS = NO;
				CLANG_ANALYZER_NONNULL = YES;
				CLANG_ANALYZER_NUMBER_OBJECT_CONVERSION = YES_AGGRESSIVE;
				CLANG_CXX_LANGUAGE_STANDARD = "gnu++17";
				CLANG_CXX_LIBRARY = "libc++";
				CLANG_ENABLE_MODULES = YES;
				CLANG_ENABLE_OBJC_ARC = YES;
				CLANG_WARN_BLOCK_CAPTURE_AUTORELEASING = YES;
				CLANG_WARN_BOOL_CONVERSION = YES;
				CLANG_WARN_COMMA = YES;
				CLANG_WARN_CONSTANT_CONVERSION = YES;
				CLANG_WARN_DEPRECATED_OBJC_IMPLEMENTATIONS = YES;
				CLANG_WARN_DIRECT_OBJC_ISA_USAGE = YES_ERROR;
				CLANG_WARN_DOCUMENTATION_COMMENTS = YES;
				CLANG_WARN_EMPTY_BODY = YES;
				CLANG_WARN_ENUM_CONVERSION = YES;
				CLANG_WARN_INFINITE_RECURSION = YES;
				CLANG_WARN_INT_CONVERSION = YES;
				CLANG_WARN_NON_LITERAL_NULL_CONVERSION = YES;
				CLANG_WARN_OBJC_IMPLICIT_RETAIN_SELF = YES;
				CLANG_WARN_OBJC_LITERAL_CONVERSION = YES;
				CLANG_WARN_OBJC_ROOT_CLASS = YES_ERROR;
				CLANG_WARN_RANGE_LOOP_ANALYSIS = YES;
				CLANG_WARN_STRICT_PROTOTYPES = YES;
				CLANG_WARN_SUSPICIOUS_MOVE = YES;
				CLANG_WARN_UNGUARDED_AVAILABILITY = YES_AGGRESSIVE;
				CLANG_WARN_UNREACHABLE_CODE = YES;
				CLANG_WARN__DUPLICATE_METHOD_MATCH = YES;
				CODE_SIGN_IDENTITY = "Mac Developer";
				COPY_PHASE_STRIP = NO;
				DEBUG_INFORMATION_FORMAT = dwarf;
				ENABLE_STRICT_OBJC_MSGSEND = YES;
				ENABLE_TESTABILITY = YES;
				GCC_C_LANGUAGE_STANDARD = gnu11;
				GCC_DYNAMIC_NO_PIC = NO;
				GCC_ENABLE_PASCAL_STRINGS = NO;
				GCC_NO_COMMON_BLOCKS = NO;
				GCC_OPTIMIZATION_LEVEL = 0;
				GCC_PREPROCESSOR_DEFINITIONS = (
					"DEBUG=1",
					"$(inherited)",
				);
				GCC_WARN_64_TO_32_BIT_CONVERSION = YES;
				GCC_WARN_ABOUT_RETURN_TYPE = YES_ERROR;
				GCC_WARN_UNDECLARED_SELECTOR = YES;
				GCC_WARN_UNINITIALIZED_AUTOS = YES_AGGRESSIVE;
				GCC_WARN_UNUSED_FUNCTION = YES;
				GCC_WARN_UNUSED_VARIABLE = YES;
				MACOSX_DEPLOYMENT_TARGET = 10.13;
				MTL_ENABLE_DEBUG_INFO = YES;
				ONLY_ACTIVE_ARCH = YES;
				SDKROOT = macosx;
				STRIP_INSTALLED_PRODUCT = NO;
				YACCFLAGS = "-vtd";
				YACC_GENERATE_DEBUGGING_DIRECTIVES = YES;
			};
			name = Debug;
		};
		D2CB13B120ACFE26006987E5 /* Release */ = {
			isa = XCBuildConfiguration;
			buildSettings = {
				ALWAYS_SEARCH_USER_PATHS = NO;
				CLANG_ANALYZER_NONNULL = YES;
				CLANG_ANALYZER_NUMBER_OBJECT_CONVERSION = YES_AGGRESSIVE;
				CLANG_CXX_LANGUAGE_STANDARD = "gnu++17";
				CLANG_CXX_LIBRARY = "libc++";
				CLANG_ENABLE_MODULES = YES;
				CLANG_ENABLE_OBJC_ARC = YES;
				CLANG_WARN_BLOCK_CAPTURE_AUTORELEASING = YES;
				CLANG_WARN_BOOL_CONVERSION = YES;
				CLANG_WARN_COMMA = YES;
				CLANG_WARN_CONSTANT_CONVERSION = YES;
				CLANG_WARN_DEPRECATED_OBJC_IMPLEMENTATIONS = YES;
				CLANG_WARN_DIRECT_OBJC_ISA_USAGE = YES_ERROR;
				CLANG_WARN_DOCUMENTATION_COMMENTS = YES;
				CLANG_WARN_EMPTY_BODY = YES;
				CLANG_WARN_ENUM_CONVERSION = YES;
				CLANG_WARN_INFINITE_RECURSION = YES;
				CLANG_WARN_INT_CONVERSION = YES;
				CLANG_WARN_NON_LITERAL_NULL_CONVERSION = YES;
				CLANG_WARN_OBJC_IMPLICIT_RETAIN_SELF = YES;
				CLANG_WARN_OBJC_LITERAL_CONVERSION = YES;
				CLANG_WARN_OBJC_ROOT_CLASS = YES_ERROR;
				CLANG_WARN_RANGE_LOOP_ANALYSIS = YES;
				CLANG_WARN_STRICT_PROTOTYPES = YES;
				CLANG_WARN_SUSPICIOUS_MOVE = YES;
				CLANG_WARN_UNGUARDED_AVAILABILITY = YES_AGGRESSIVE;
				CLANG_WARN_UNREACHABLE_CODE = YES;
				CLANG_WARN__DUPLICATE_METHOD_MATCH = YES;
				CODE_SIGN_IDENTITY = "Mac Developer";
				COPY_PHASE_STRIP = NO;
				DEBUG_INFORMATION_FORMAT = "dwarf-with-dsym";
				ENABLE_NS_ASSERTIONS = NO;
				ENABLE_STRICT_OBJC_MSGSEND = YES;
				GCC_C_LANGUAGE_STANDARD = gnu11;
				GCC_ENABLE_PASCAL_STRINGS = NO;
				GCC_NO_COMMON_BLOCKS = NO;
				GCC_WARN_64_TO_32_BIT_CONVERSION = YES;
				GCC_WARN_ABOUT_RETURN_TYPE = YES_ERROR;
				GCC_WARN_UNDECLARED_SELECTOR = YES;
				GCC_WARN_UNINITIALIZED_AUTOS = YES_AGGRESSIVE;
				GCC_WARN_UNUSED_FUNCTION = YES;
				GCC_WARN_UNUSED_VARIABLE = YES;
				MACOSX_DEPLOYMENT_TARGET = 10.13;
				MTL_ENABLE_DEBUG_INFO = NO;
				ONLY_ACTIVE_ARCH = YES;
				SDKROOT = macosx;
				STRIP_INSTALLED_PRODUCT = NO;
				YACCFLAGS = "-vtd";
				YACC_GENERATE_DEBUGGING_DIRECTIVES = YES;
			};
			name = Release;
		};
		D2CB13B720ACFEC0006987E5 /* Debug */ = {
			isa = XCBuildConfiguration;
			buildSettings = {
				CODE_SIGN_STYLE = Automatic;
				DEBUGGING_SYMBOLS = YES;
				DEBUG_INFORMATION_FORMAT = dwarf;
				DEVELOPMENT_TEAM = 78XPJAU3A2;
				GCC_GENERATE_DEBUGGING_SYMBOLS = YES;
				GCC_OPTIMIZATION_LEVEL = 0;
				OTHER_CFLAGS = "";
				OTHER_LDFLAGS = "";
				PRODUCT_NAME = "$(TARGET_NAME)";
			};
			name = Debug;
		};
		D2CB13B820ACFEC0006987E5 /* Release */ = {
			isa = XCBuildConfiguration;
			buildSettings = {
				CODE_SIGN_STYLE = Automatic;
				DEBUG_INFORMATION_FORMAT = "dwarf-with-dsym";
				DEVELOPMENT_TEAM = 78XPJAU3A2;
				OTHER_CFLAGS = "";
				OTHER_LDFLAGS = "";
				PRODUCT_NAME = "$(TARGET_NAME)";
			};
			name = Release;
		};
		E285CCA02141B5ED008A5C77 /* Debug */ = {
			isa = XCBuildConfiguration;
			buildSettings = {
				CLANG_CXX_LANGUAGE_STANDARD = "gnu++14";
				CLANG_ENABLE_OBJC_WEAK = YES;
				CLANG_STATIC_ANALYZER_MODE = shallow;
				CODE_SIGN_IDENTITY = "-";
				CODE_SIGN_STYLE = Automatic;
				DEVELOPMENT_TEAM = 78XPJAU3A2;
				GCC_NO_COMMON_BLOCKS = YES;
				OTHER_CFLAGS = (
					"-g",
					"-ggdb",
					"-D",
					DEBUGON,
					"-D",
					VMLIBDEBUG,
				);
				PRODUCT_NAME = "$(TARGET_NAME)";
				RUN_CLANG_STATIC_ANALYZER = YES;
				SCAN_ALL_SOURCE_FILES_FOR_INCLUDES = YES;
			};
			name = Debug;
		};
		E285CCA12141B5ED008A5C77 /* Release */ = {
			isa = XCBuildConfiguration;
			buildSettings = {
				CLANG_CXX_LANGUAGE_STANDARD = "gnu++14";
				CLANG_ENABLE_OBJC_WEAK = YES;
				CLANG_STATIC_ANALYZER_MODE = shallow;
				CODE_SIGN_IDENTITY = "-";
				CODE_SIGN_STYLE = Automatic;
				DEVELOPMENT_TEAM = 78XPJAU3A2;
				GCC_ENABLE_PASCAL_STRINGS = NO;
				GCC_NO_COMMON_BLOCKS = YES;
				PRODUCT_NAME = "$(TARGET_NAME)";
				RUN_CLANG_STATIC_ANALYZER = YES;
				SCAN_ALL_SOURCE_FILES_FOR_INCLUDES = YES;
			};
			name = Release;
		};
/* End XCBuildConfiguration section */

/* Begin XCConfigurationList section */
		D2714FEA20C21FF4009B6AE6 /* Build configuration list for PBXNativeTarget "uccBed" */ = {
			isa = XCConfigurationList;
			buildConfigurations = (
				D2714FE420C21FF4009B6AE6 /* Debug */,
				D2714FE520C21FF4009B6AE6 /* Release */,
			);
			defaultConfigurationIsVisible = 0;
			defaultConfigurationName = Debug;
		};
		D2714FEB20C21FF4009B6AE6 /* Build configuration list for PBXNativeTarget "uccBedTests" */ = {
			isa = XCConfigurationList;
			buildConfigurations = (
				D2714FE620C21FF4009B6AE6 /* Debug */,
				D2714FE720C21FF4009B6AE6 /* Release */,
			);
			defaultConfigurationIsVisible = 0;
			defaultConfigurationName = Debug;
		};
		D2714FEC20C21FF4009B6AE6 /* Build configuration list for PBXNativeTarget "uccBedUITests" */ = {
			isa = XCConfigurationList;
			buildConfigurations = (
				D2714FE820C21FF4009B6AE6 /* Debug */,
				D2714FE920C21FF4009B6AE6 /* Release */,
			);
			defaultConfigurationIsVisible = 0;
			defaultConfigurationName = Debug;
		};
		D283AFA120ADF43A00B07C08 /* Build configuration list for PBXNativeTarget "Xcc" */ = {
			isa = XCConfigurationList;
			buildConfigurations = (
				D283AF9F20ADF43A00B07C08 /* Debug */,
				D283AFA020ADF43A00B07C08 /* Release */,
			);
			defaultConfigurationIsVisible = 0;
			defaultConfigurationName = Debug;
		};
		D2CB13A620ACFE26006987E5 /* Build configuration list for PBXProject "ucc18" */ = {
			isa = XCConfigurationList;
			buildConfigurations = (
				D2CB13B020ACFE26006987E5 /* Debug */,
				D2CB13B120ACFE26006987E5 /* Release */,
			);
			defaultConfigurationIsVisible = 0;
			defaultConfigurationName = Debug;
		};
		D2CB13B620ACFEC0006987E5 /* Build configuration list for PBXLegacyTarget "ucc18" */ = {
			isa = XCConfigurationList;
			buildConfigurations = (
				D2CB13B720ACFEC0006987E5 /* Debug */,
				D2CB13B820ACFEC0006987E5 /* Release */,
			);
			defaultConfigurationIsVisible = 0;
			defaultConfigurationName = Debug;
		};
		E285CC9F2141B5ED008A5C77 /* Build configuration list for PBXNativeTarget "interpreter" */ = {
			isa = XCConfigurationList;
			buildConfigurations = (
				E285CCA02141B5ED008A5C77 /* Debug */,
				E285CCA12141B5ED008A5C77 /* Release */,
			);
			defaultConfigurationIsVisible = 0;
			defaultConfigurationName = Debug;
		};
/* End XCConfigurationList section */
	};
	rootObject = D2CB13A320ACFE26006987E5 /* Project object */;
}
